{
  "originHash" : "98846d288380139b3a2dc39c00d23d839fbe520998cdd0fd574c0d268e54f093",
  "pins" : [
    {
      "identity" : "duckdb-swift",
      "kind" : "remoteSourceControl",
      "location" : "https://github.com/duckdb/duckdb-swift",
      "state" : {
        "branch" : "v1.5.0-dev4120",
        "revision" : "02e1e2c5d29b739b0c957fe86287a02ff90f88fc"
      }
    }
  ],
  "version" : 3
}
