{
  "originHash" : "972dcbd0ed3ec7628955072b675a79875a2cec5424634cb056648a6cd6e71b0c",
  "pins" : [
    {
      "identity" : "argo-trading",
      "kind" : "remoteSourceControl",
      "location" : "https://github.com/rxtech-lab/argo-trading",
      "state" : {
        "revision" : "a10ef6792e097cb2e48ce5162c26b96b5dd5f9c1",
        "version" : "1.8.0"
      }
    },
    {
      "identity" : "duckdb-swift",
      "kind" : "remoteSourceControl",
      "location" : "https://github.com/duckdb/duckdb-swift",
      "state" : {
        "branch" : "v1.5.0-dev4120",
        "revision" : "02e1e2c5d29b739b0c957fe86287a02ff90f88fc"
      }
    },
    {
      "identity" : "swift-collections",
      "kind" : "remoteSourceControl",
      "location" : "https://github.com/apple/swift-collections",
      "state" : {
        "revision" : "7b847a3b7008b2dc2f47ca3110d8c782fb2e5c7e",
        "version" : "1.3.0"
      }
    },
    {
      "identity" : "swift-json-schema",
      "kind" : "remoteSourceControl",
      "location" : "https://github.com/sirily11/swift-json-schema",
      "state" : {
        "revision" : "663afab8c131151950fd7fb114871c02a529a4b4",
        "version" : "1.0.2"
      }
    },
    {
      "identity" : "swift-jsonschema-form",
      "kind" : "remoteSourceControl",
      "location" : "https://github.com/sirily11/swift-jsonschema-form",
      "state" : {
        "branch" : "main",
        "revision" : "52f93ae06df4ef0454b114cb00514554901f5886"
      }
    },
    {
      "identity" : "swift-log",
      "kind" : "remoteSourceControl",
      "location" : "https://github.com/apple/swift-log",
      "state" : {
        "revision" : "bc386b95f2a16ccd0150a8235e7c69eab2b866ca",
        "version" : "1.8.0"
      }
    },
    {
      "identity" : "viewinspector",
      "kind" : "remoteSourceControl",
      "location" : "https://github.com/nalexn/ViewInspector",
      "state" : {
        "revision" : "e9a06346499a3a889165647e3f23f8a7b2609a1c",
        "version" : "0.10.3"
      }
    },
    {
      "identity" : "yams",
      "kind" : "remoteSourceControl",
      "location" : "https://github.com/jpsim/Yams",
      "state" : {
        "revision" : "51b5127c7fb6ffac106ad6d199aaa33c5024895f",
        "version" : "6.2.0"
      }
    }
  ],
  "version" : 3
}
